// !$*UTF8*$!
{
	archiveVersion = 1;
	classes = {
	};
	objectVersion = 56;
	objects = {

/* Begin PBXBuildFile section */
		7CB4167E2A57AB6700A8E5FC /* unitTestingApp.swift in Sources */ = {isa = PBXBuildFile; fileRef = 7CB4167D2A57AB6700A8E5FC /* unitTestingApp.swift */; };
		7CB416802A57AB6700A8E5FC /* ContentView.swift in Sources */ = {isa = PBXBuildFile; fileRef = 7CB4167F2A57AB6700A8E5FC /* ContentView.swift */; };
		7CB416822A57AB6900A8E5FC /* Assets.xcassets in Resources */ = {isa = PBXBuildFile; fileRef = 7CB416812A57AB6900A8E5FC /* Assets.xcassets */; };
		7CB416852A57AB6900A8E5FC /* Preview Assets.xcassets in Resources */ = {isa = PBXBuildFile; fileRef = 7CB416842A57AB6900A8E5FC /* Preview Assets.xcassets */; };
		7CB416922A57BECF00A8E5FC /* unitTestingTests.swift in Sources */ = {isa = PBXBuildFile; fileRef = 7CB416912A57BECF00A8E5FC /* unitTestingTests.swift */; };
		7CB416992A57BF3600A8E5FC /* CalculationTests.swift in Sources */ = {isa = PBXBuildFile; fileRef = 7CB416982A57BF3600A8E5FC /* CalculationTests.swift */; };
/* End PBXBuildFile section */

/* Begin PBXContainerItemProxy section */
		7CB416932A57BECF00A8E5FC /* PBXContainerItemProxy */ = {
			isa = PBXContainerItemProxy;
			containerPortal = 7CB416722A57AB6700A8E5FC /* Project object */;
			proxyType = 1;
			remoteGlobalIDString = 7CB416792A57AB6700A8E5FC;
			remoteInfo = unitTesting;
		};
/* End PBXContainerItemProxy section */

/* Begin PBXFileReference section */
		7CB4167A2A57AB6700A8E5FC /* unitTesting.app */ = {isa = PBXFileReference; explicitFileType = wrapper.application; includeInIndex = 0; path = unitTesting.app; sourceTree = BUILT_PRODUCTS_DIR; };
		7CB4167D2A57AB6700A8E5FC /* unitTestingApp.swift */ = {isa = PBXFileReference; lastKnownFileType = sourcecode.swift; path = unitTestingApp.swift; sourceTree = "<group>"; };
		7CB4167F2A57AB6700A8E5FC /* ContentView.swift */ = {isa = PBXFileReference; lastKnownFileType = sourcecode.swift; path = ContentView.swift; sourceTree = "<group>"; };
		7CB416812A57AB6900A8E5FC /* Assets.xcassets */ = {isa = PBXFileReference; lastKnownFileType = folder.assetcatalog; path = Assets.xcassets; sourceTree = "<group>"; };
		7CB416842A57AB6900A8E5FC /* Preview Assets.xcassets */ = {isa = PBXFileReference; lastKnownFileType = folder.assetcatalog; path = "Preview Assets.xcassets"; sourceTree = "<group>"; };
		7CB4168F2A57BECF00A8E5FC /* unitTestingTests.xctest */ = {isa = PBXFileReference; explicitFileType = wrapper.cfbundle; includeInIndex = 0; path = unitTestingTests.xctest; sourceTree = BUILT_PRODUCTS_DIR; };
		7CB416912A57BECF00A8E5FC /* unitTestingTests.swift */ = {isa = PBXFileReference; lastKnownFileType = sourcecode.swift; path = unitTestingTests.swift; sourceTree = "<group>"; };
		7CB416982A57BF3600A8E5FC /* CalculationTests.swift */ = {isa = PBXFileReference; lastKnownFileType = sourcecode.swift; path = CalculationTests.swift; sourceTree = "<group>"; };
/* End PBXFileReference section */

/* Begin PBXFrameworksBuildPhase section */
		7CB416772A57AB6700A8E5FC /* Frameworks */ = {
			isa = PBXFrameworksBuildPhase;
			buildActionMask = 2147483647;
			files = (
			);
			runOnlyForDeploymentPostprocessing = 0;
		};
		7CB4168C2A57BECF00A8E5FC /* Frameworks */ = {
			isa = PBXFrameworksBuildPhase;
			buildActionMask = 2147483647;
			files = (
			);
			runOnlyForDeploymentPostprocessing = 0;
		};
/* End PBXFrameworksBuildPhase section */

/* Begin PBXGroup section */
		7CB416712A57AB6700A8E5FC = {
			isa = PBXGroup;
			children = (
				7CB4167C2A57AB6700A8E5FC /* unitTesting */,
				7CB416902A57BECF00A8E5FC /* unitTestingTests */,
				7CB4167B2A57AB6700A8E5FC /* Products */,
			);
			sourceTree = "<group>";
		};
		7CB4167B2A57AB6700A8E5FC /* Products */ = {
			isa = PBXGroup;
			children = (
				7CB4167A2A57AB6700A8E5FC /* unitTesting.app */,
				7CB4168F2A57BECF00A8E5FC /* unitTestingTests.xctest */,
			);
			name = Products;
			sourceTree = "<group>";
		};
		7CB4167C2A57AB6700A8E5FC /* unitTesting */ = {
			isa = PBXGroup;
			children = (
				7CB4167D2A57AB6700A8E5FC /* unitTestingApp.swift */,
				7CB4167F2A57AB6700A8E5FC /* ContentView.swift */,
				7CB416812A57AB6900A8E5FC /* Assets.xcassets */,
				7CB416832A57AB6900A8E5FC /* Preview Content */,
			);
			path = unitTesting;
			sourceTree = "<group>";
		};
		7CB416832A57AB6900A8E5FC /* Preview Content */ = {
			isa = PBXGroup;
			children = (
				7CB416842A57AB6900A8E5FC /* Preview Assets.xcassets */,
			);
			path = "Preview Content";
			sourceTree = "<group>";
		};
		7CB416902A57BECF00A8E5FC /* unitTestingTests */ = {
			isa = PBXGroup;
			children = (
				7CB416912A57BECF00A8E5FC /* unitTestingTests.swift */,
				7CB416982A57BF3600A8E5FC /* CalculationTests.swift */,
			);
			path = unitTestingTests;
			sourceTree = "<group>";
		};
/* End PBXGroup section */

/* Begin PBXNativeTarget section */
		7CB416792A57AB6700A8E5FC /* unitTesting */ = {
			isa = PBXNativeTarget;
			buildConfigurationList = 7CB416882A57AB6900A8E5FC /* Build configuration list for PBXNativeTarget "unitTesting" */;
			buildPhases = (
				7CB416762A57AB6700A8E5FC /* Sources */,
				7CB416772A57AB6700A8E5FC /* Frameworks */,
				7CB416782A57AB6700A8E5FC /* Resources */,
			);
			buildRules = (
			);
			dependencies = (
			);
			name = unitTesting;
			productName = unitTesting;
			productReference = 7CB4167A2A57AB6700A8E5FC /* unitTesting.app */;
			productType = "com.apple.product-type.application";
		};
		7CB4168E2A57BECF00A8E5FC /* unitTestingTests */ = {
			isa = PBXNativeTarget;
			buildConfigurationList = 7CB416972A57BECF00A8E5FC /* Build configuration list for PBXNativeTarget "unitTestingTests" */;
			buildPhases = (
				7CB4168B2A57BECF00A8E5FC /* Sources */,
				7CB4168C2A57BECF00A8E5FC /* Frameworks */,
				7CB4168D2A57BECF00A8E5FC /* Resources */,
			);
			buildRules = (
			);
			dependencies = (
				7CB416942A57BECF00A8E5FC /* PBXTargetDependency */,
			);
			name = unitTestingTests;
			productName = unitTestingTests;
			productReference = 7CB4168F2A57BECF00A8E5FC /* unitTestingTests.xctest */;
			productType = "com.apple.product-type.bundle.unit-test";
		};
/* End PBXNativeTarget section */

/* Begin PBXProject section */
		7CB416722A57AB6700A8E5FC /* Project object */ = {
			isa = PBXProject;
			attributes = {
				BuildIndependentTargetsInParallel = 1;
				LastSwiftUpdateCheck = 1430;
				LastUpgradeCheck = 1430;
				TargetAttributes = {
					7CB416792A57AB6700A8E5FC = {
						CreatedOnToolsVersion = 14.3;
					};
					7CB4168E2A57BECF00A8E5FC = {
						CreatedOnToolsVersion = 14.3;
						TestTargetID = 7CB416792A57AB6700A8E5FC;
					};
				};
			};
			buildConfigurationList = 7CB416752A57AB6700A8E5FC /* Build configuration list for PBXProject "unitTesting" */;
			compatibilityVersion = "Xcode 14.0";
			developmentRegion = en;
			hasScannedForEncodings = 0;
			knownRegions = (
				en,
				Base,
			);
			mainGroup = 7CB416712A57AB6700A8E5FC;
			productRefGroup = 7CB4167B2A57AB6700A8E5FC /* Products */;
			projectDirPath = "";
			projectRoot = "";
			targets = (
				7CB416792A57AB6700A8E5FC /* unitTesting */,
				7CB4168E2A57BECF00A8E5FC /* unitTestingTests */,
			);
		};
/* End PBXProject section */

/* Begin PBXResourcesBuildPhase section */
		7CB416782A57AB6700A8E5FC /* Resources */ = {
			isa = PBXResourcesBuildPhase;
			buildActionMask = 2147483647;
			files = (
				7CB416852A57AB6900A8E5FC /* Preview Assets.xcassets in Resources */,
				7CB416822A57AB6900A8E5FC /* Assets.xcassets in Resources */,
			);
			runOnlyForDeploymentPostprocessing = 0;
		};
		7CB4168D2A57BECF00A8E5FC /* Resources */ = {
			isa = PBXResourcesBuildPhase;
			buildActionMask = 2147483647;
			files = (
			);
			runOnlyForDeploymentPostprocessing = 0;
		};
/* End PBXResourcesBuildPhase section */

/* Begin PBXSourcesBuildPhase section */
		7CB416762A57AB6700A8E5FC /* Sources */ = {
			isa = PBXSourcesBuildPhase;
			buildActionMask = 2147483647;
			files = (
				7CB416802A57AB6700A8E5FC /* ContentView.swift in Sources */,
				7CB4167E2A57AB6700A8E5FC /* unitTestingApp.swift in Sources */,
			);
			runOnlyForDeploymentPostprocessing = 0;
		};
		7CB4168B2A57BECF00A8E5FC /* Sources */ = {
			isa = PBXSourcesBuildPhase;
			buildActionMask = 2147483647;
			files = (
				7CB416922A57BECF00A8E5FC /* unitTestingTests.swift in Sources */,
				7CB416992A57BF3600A8E5FC /* CalculationTests.swift in Sources */,
			);
			runOnlyForDeploymentPostprocessing = 0;
		};
/* End PBXSourcesBuildPhase section */

/* Begin PBXTargetDependency section */
		7CB416942A57BECF00A8E5FC /* PBXTargetDependency */ = {
			isa = PBXTargetDependency;
			target = 7CB416792A57AB6700A8E5FC /* unitTesting */;
			targetProxy = 7CB416932A57BECF00A8E5FC /* PBXContainerItemProxy */;
		};
/* End PBXTargetDependency section */

/* Begin XCBuildConfiguration section */
		7CB416862A57AB6900A8E5FC /* Debug */ = {
			isa = XCBuildConfiguration;
			buildSettings = {
				ALWAYS_SEARCH_USER_PATHS = NO;
				CLANG_ANALYZER_NONNULL = YES;
				CLANG_ANALYZER_NUMBER_OBJECT_CONVERSION = YES_AGGRESSIVE;
				CLANG_CXX_LANGUAGE_STANDARD = "gnu++20";
				CLANG_ENABLE_MODULES = YES;
				CLANG_ENABLE_OBJC_ARC = YES;
				CLANG_ENABLE_OBJC_WEAK = YES;
				CLANG_WARN_BLOCK_CAPTURE_AUTORELEASING = YES;
				CLANG_WARN_BOOL_CONVERSION = YES;
				CLANG_WARN_COMMA = YES;
				CLANG_WARN_CONSTANT_CONVERSION = YES;
				CLANG_WARN_DEPRECATED_OBJC_IMPLEMENTATIONS = YES;
				CLANG_WARN_DIRECT_OBJC_ISA_USAGE = YES_ERROR;
				CLANG_WARN_DOCUMENTATION_COMMENTS = YES;
				CLANG_WARN_EMPTY_BODY = YES;
				CLANG_WARN_ENUM_CONVERSION = YES;
				CLANG_WARN_INFINITE_RECURSION = YES;
				CLANG_WARN_INT_CONVERSION = YES;
				CLANG_WARN_NON_LITERAL_NULL_CONVERSION = YES;
				CLANG_WARN_OBJC_IMPLICIT_RETAIN_SELF = YES;
				CLANG_WARN_OBJC_LITERAL_CONVERSION = YES;
				CLANG_WARN_OBJC_ROOT_CLASS = YES_ERROR;
				CLANG_WARN_QUOTED_INCLUDE_IN_FRAMEWORK_HEADER = YES;
				CLANG_WARN_RANGE_LOOP_ANALYSIS = YES;
				CLANG_WARN_STRICT_PROTOTYPES = YES;
				CLANG_WARN_SUSPICIOUS_MOVE = YES;
				CLANG_WARN_UNGUARDED_AVAILABILITY = YES_AGGRESSIVE;
				CLANG_WARN_UNREACHABLE_CODE = YES;
				CLANG_WARN__DUPLICATE_METHOD_MATCH = YES;
				COPY_PHASE_STRIP = NO;
				DEBUG_INFORMATION_FORMAT = dwarf;
				ENABLE_STRICT_OBJC_MSGSEND = YES;
				ENABLE_TESTABILITY = YES;
				GCC_C_LANGUAGE_STANDARD = gnu11;
				GCC_DYNAMIC_NO_PIC = NO;
				GCC_NO_COMMON_BLOCKS = YES;
				GCC_OPTIMIZATION_LEVEL = 0;
				GCC_PREPROCESSOR_DEFINITIONS = (
					"DEBUG=1",
					"$(inherited)",
				);
				GCC_WARN_64_TO_32_BIT_CONVERSION = YES;
				GCC_WARN_ABOUT_RETURN_TYPE = YES_ERROR;
				GCC_WARN_UNDECLARED_SELECTOR = YES;
				GCC_WARN_UNINITIALIZED_AUTOS = YES_AGGRESSIVE;
				GCC_WARN_UNUSED_FUNCTION = YES;
				GCC_WARN_UNUSED_VARIABLE = YES;
				IPHONEOS_DEPLOYMENT_TARGET = 16.4;
				MTL_ENABLE_DEBUG_INFO = INCLUDE_SOURCE;
				MTL_FAST_MATH = YES;
				ONLY_ACTIVE_ARCH = YES;
				SDKROOT = iphoneos;
				SWIFT_ACTIVE_COMPILATION_CONDITIONS = DEBUG;
				SWIFT_OPTIMIZATION_LEVEL = "-Onone";
			};
			name = Debug;
		};
		7CB416872A57AB6900A8E5FC /* Release */ = {
			isa = XCBuildConfiguration;
			buildSettings = {
				ALWAYS_SEARCH_USER_PATHS = NO;
				CLANG_ANALYZER_NONNULL = YES;
				CLANG_ANALYZER_NUMBER_OBJECT_CONVERSION = YES_AGGRESSIVE;
				CLANG_CXX_LANGUAGE_STANDARD = "gnu++20";
				CLANG_ENABLE_MODULES = YES;
				CLANG_ENABLE_OBJC_ARC = YES;
				CLANG_ENABLE_OBJC_WEAK = YES;
				CLANG_WARN_BLOCK_CAPTURE_AUTORELEASING = YES;
				CLANG_WARN_BOOL_CONVERSION = YES;
				CLANG_WARN_COMMA = YES;
				CLANG_WARN_CONSTANT_CONVERSION = YES;
				CLANG_WARN_DEPRECATED_OBJC_IMPLEMENTATIONS = YES;
				CLANG_WARN_DIRECT_OBJC_ISA_USAGE = YES_ERROR;
				CLANG_WARN_DOCUMENTATION_COMMENTS = YES;
				CLANG_WARN_EMPTY_BODY = YES;
				CLANG_WARN_ENUM_CONVERSION = YES;
				CLANG_WARN_INFINITE_RECURSION = YES;
				CLANG_WARN_INT_CONVERSION = YES;
				CLANG_WARN_NON_LITERAL_NULL_CONVERSION = YES;
				CLANG_WARN_OBJC_IMPLICIT_RETAIN_SELF = YES;
				CLANG_WARN_OBJC_LITERAL_CONVERSION = YES;
				CLANG_WARN_OBJC_ROOT_CLASS = YES_ERROR;
				CLANG_WARN_QUOTED_INCLUDE_IN_FRAMEWORK_HEADER = YES;
				CLANG_WARN_RANGE_LOOP_ANALYSIS = YES;
				CLANG_WARN_STRICT_PROTOTYPES = YES;
				CLANG_WARN_SUSPICIOUS_MOVE = YES;
				CLANG_WARN_UNGUARDED_AVAILABILITY = YES_AGGRESSIVE;
				CLANG_WARN_UNREACHABLE_CODE = YES;
				CLANG_WARN__DUPLICATE_METHOD_MATCH = YES;
				COPY_PHASE_STRIP = NO;
				DEBUG_INFORMATION_FORMAT = "dwarf-with-dsym";
				ENABLE_NS_ASSERTIONS = NO;
				ENABLE_STRICT_OBJC_MSGSEND = YES;
				GCC_C_LANGUAGE_STANDARD = gnu11;
				GCC_NO_COMMON_BLOCKS = YES;
				GCC_WARN_64_TO_32_BIT_CONVERSION = YES;
				GCC_WARN_ABOUT_RETURN_TYPE = YES_ERROR;
				GCC_WARN_UNDECLARED_SELECTOR = YES;
				GCC_WARN_UNINITIALIZED_AUTOS = YES_AGGRESSIVE;
				GCC_WARN_UNUSED_FUNCTION = YES;
				GCC_WARN_UNUSED_VARIABLE = YES;
				IPHONEOS_DEPLOYMENT_TARGET = 16.4;
				MTL_ENABLE_DEBUG_INFO = NO;
				MTL_FAST_MATH = YES;
				SDKROOT = iphoneos;
				SWIFT_COMPILATION_MODE = wholemodule;
				SWIFT_OPTIMIZATION_LEVEL = "-O";
				VALIDATE_PRODUCT = YES;
			};
			name = Release;
		};
		7CB416892A57AB6900A8E5FC /* Debug */ = {
			isa = XCBuildConfiguration;
			buildSettings = {
				ASSETCATALOG_COMPILER_APPICON_NAME = AppIcon;
				ASSETCATALOG_COMPILER_GLOBAL_ACCENT_COLOR_NAME = AccentColor;
				CODE_SIGN_STYLE = Automatic;
				CURRENT_PROJECT_VERSION = 1;
				DEVELOPMENT_ASSET_PATHS = "\"unitTesting/Preview Content\"";
				DEVELOPMENT_TEAM = DD63847N69;
				ENABLE_PREVIEWS = YES;
				GENERATE_INFOPLIST_FILE = YES;
				INFOPLIST_KEY_UIApplicationSceneManifest_Generation = YES;
				INFOPLIST_KEY_UIApplicationSupportsIndirectInputEvents = YES;
				INFOPLIST_KEY_UILaunchScreen_Generation = YES;
				INFOPLIST_KEY_UISupportedInterfaceOrientations_iPad = "UIInterfaceOrientationPortrait UIInterfaceOrientationPortraitUpsideDown UIInterfaceOrientationLandscapeLeft UIInterfaceOrientationLandscapeRight";
				INFOPLIST_KEY_UISupportedInterfaceOrientations_iPhone = "UIInterfaceOrientationPortrait UIInterfaceOrientationLandscapeLeft UIInterfaceOrientationLandscapeRight";
				LD_RUNPATH_SEARCH_PATHS = (
					"$(inherited)",
					"@executable_path/Frameworks",
				);
				MARKETING_VERSION = 1.0;
				PRODUCT_BUNDLE_IDENTIFIER = com.codingtest.unitTesting;
				PRODUCT_NAME = "$(TARGET_NAME)";
				SWIFT_EMIT_LOC_STRINGS = YES;
				SWIFT_VERSION = 5.0;
				TARGETED_DEVICE_FAMILY = "1,2";
			};
			name = Debug;
		};
		7CB4168A2A57AB6900A8E5FC /* Release */ = {
			isa = XCBuildConfiguration;
			buildSettings = {
				ASSETCATALOG_COMPILER_APPICON_NAME = AppIcon;
				ASSETCATALOG_COMPILER_GLOBAL_ACCENT_COLOR_NAME = AccentColor;
				CODE_SIGN_STYLE = Automatic;
				CURRENT_PROJECT_VERSION = 1;
				DEVELOPMENT_ASSET_PATHS = "\"unitTesting/Preview Content\"";
				DEVELOPMENT_TEAM = DD63847N69;
				ENABLE_PREVIEWS = YES;
				GENERATE_INFOPLIST_FILE = YES;
				INFOPLIST_KEY_UIApplicationSceneManifest_Generation = YES;
				INFOPLIST_KEY_UIApplicationSupportsIndirectInputEvents = YES;
				INFOPLIST_KEY_UILaunchScreen_Generation = YES;
				INFOPLIST_KEY_UISupportedInterfaceOrientations_iPad = "UIInterfaceOrientationPortrait UIInterfaceOrientationPortraitUpsideDown UIInterfaceOrientationLandscapeLeft UIInterfaceOrientationLandscapeRight";
				INFOPLIST_KEY_UISupportedInterfaceOrientations_iPhone = "UIInterfaceOrientationPortrait UIInterfaceOrientationLandscapeLeft UIInterfaceOrientationLandscapeRight";
				LD_RUNPATH_SEARCH_PATHS = (
					"$(inherited)",
					"@executable_path/Frameworks",
				);
				MARKETING_VERSION = 1.0;
				PRODUCT_BUNDLE_IDENTIFIER = com.codingtest.unitTesting;
				PRODUCT_NAME = "$(TARGET_NAME)";
				SWIFT_EMIT_LOC_STRINGS = YES;
				SWIFT_VERSION = 5.0;
				TARGETED_DEVICE_FAMILY = "1,2";
			};
			name = Release;
		};
		7CB416952A57BECF00A8E5FC /* Debug */ = {
			isa = XCBuildConfiguration;
			buildSettings = {
				BUNDLE_LOADER = "$(TEST_HOST)";
				CODE_SIGN_STYLE = Automatic;
				CURRENT_PROJECT_VERSION = 1;
				DEVELOPMENT_TEAM = DD63847N69;
				GENERATE_INFOPLIST_FILE = YES;
				MARKETING_VERSION = 1.0;
				PRODUCT_BUNDLE_IDENTIFIER = com.codingtest.unitTestingTests;
				PRODUCT_NAME = "$(TARGET_NAME)";
				SWIFT_EMIT_LOC_STRINGS = NO;
				SWIFT_VERSION = 5.0;
				TARGETED_DEVICE_FAMILY = "1,2";
				TEST_HOST = "$(BUILT_PRODUCTS_DIR)/unitTesting.app/$(BUNDLE_EXECUTABLE_FOLDER_PATH)/unitTesting";
			};
			name = Debug;
		};
		7CB416962A57BECF00A8E5FC /* Release */ = {
			isa = XCBuildConfiguration;
			buildSettings = {
				BUNDLE_LOADER = "$(TEST_HOST)";
				CODE_SIGN_STYLE = Automatic;
				CURRENT_PROJECT_VERSION = 1;
				DEVELOPMENT_TEAM = DD63847N69;
				GENERATE_INFOPLIST_FILE = YES;
				MARKETING_VERSION = 1.0;
				PRODUCT_BUNDLE_IDENTIFIER = com.codingtest.unitTestingTests;
				PRODUCT_NAME = "$(TARGET_NAME)";
				SWIFT_EMIT_LOC_STRINGS = NO;
				SWIFT_VERSION = 5.0;
				TARGETED_DEVICE_FAMILY = "1,2";
				TEST_HOST = "$(BUILT_PRODUCTS_DIR)/unitTesting.app/$(BUNDLE_EXECUTABLE_FOLDER_PATH)/unitTesting";
			};
			name = Release;
		};
/* End XCBuildConfiguration section */

/* Begin XCConfigurationList section */
		7CB416752A57AB6700A8E5FC /* Build configuration list for PBXProject "unitTesting" */ = {
			isa = XCConfigurationList;
			buildConfigurations = (
				7CB416862A57AB6900A8E5FC /* Debug */,
				7CB416872A57AB6900A8E5FC /* Release */,
			);
			defaultConfigurationIsVisible = 0;
			defaultConfigurationName = Release;
		};
		7CB416882A57AB6900A8E5FC /* Build configuration list for PBXNativeTarget "unitTesting" */ = {
			isa = XCConfigurationList;
			buildConfigurations = (
				7CB416892A57AB6900A8E5FC /* Debug */,
				7CB4168A2A57AB6900A8E5FC /* Release */,
			);
			defaultConfigurationIsVisible = 0;
			defaultConfigurationName = Release;
		};
		7CB416972A57BECF00A8E5FC /* Build configuration list for PBXNativeTarget "unitTestingTests" */ = {
			isa = XCConfigurationList;
			buildConfigurations = (
				7CB416952A57BECF00A8E5FC /* Debug */,
				7CB416962A57BECF00A8E5FC /* Release */,
			);
			defaultConfigurationIsVisible = 0;
			defaultConfigurationName = Release;
		};
/* End XCConfigurationList section */
	};
	rootObject = 7CB416722A57AB6700A8E5FC /* Project object */;
}
